
Microsoft Visual Studio Solution File, Format Version 12.00
# Visual Studio Version 16
VisualStudioVersion = 16.0.31410.357
MinimumVisualStudioVersion = 10.0.40219.1
Project("{FAE04EC0-301F-11D3-BF4B-00C04F79EFBC}") = "Projeto_Escola", "Projeto_Escola\Projeto_Escola.csproj", "{6A44F161-F555-479A-9F17-599172927D4D}"
EndProject
Global
	GlobalSection(SolutionConfigurationPlatforms) = preSolution
		Debug|Any CPU = Debug|Any CPU
		Release|Any CPU = Release|Any CPU
	EndGlobalSection
	GlobalSection(ProjectConfigurationPlatforms) = postSolution
		{6A44F161-F555-479A-9F17-599172927D4D}.Debug|Any CPU.ActiveCfg = Debug|Any CPU
		{6A44F161-F555-479A-9F17-599172927D4D}.Debug|Any CPU.Build.0 = Debug|Any CPU
		{6A44F161-F555-479A-9F17-599172927D4D}.Release|Any CPU.ActiveCfg = Release|Any CPU
		{6A44F161-F555-479A-9F17-599172927D4D}.Release|Any CPU.Build.0 = Release|Any CPU
	EndGlobalSection
	GlobalSection(SolutionProperties) = preSolution
		HideSolutionNode = FALSE
	EndGlobalSection
	GlobalSection(ExtensibilityGlobals) = postSolution
		SolutionGuid = {0D7E5448-2672-4975-8495-19263419B7A3}
	EndGlobalSection
EndGlobal
